PODS:
  - Masonry (1.1.0)
  - PoporFoundation/NSDate (0.0.38):
    - PoporFoundation/NSString
  - PoporFoundation/NSString (0.0.38):
    - PoporFoundation/PrefixOs
  - PoporFoundation/PrefixOs (0.0.38)
  - PoporGhost (0.1.03):
    - Masonry
    - PoporFoundation/NSDate
    - YYCache
    - YYModel
  - ReactiveObjC (3.1.1)
  - YYCache (1.0.4)
  - YYModel (1.0.4)

DEPENDENCIES:
  - PoporGhost (from `../`)
  - ReactiveObjC

SPEC REPOS:
  https://github.com/cocoapods/specs.git:
    - Masonry
    - PoporFoundation
    - ReactiveObjC
    - YYCache
    - YYModel

EXTERNAL SOURCES:
  PoporGhost:
    :path: "../"

SPEC CHECKSUMS:
  Masonry: 678fab65091a9290e40e2832a55e7ab731aad201
  PoporFoundation: 85f65b986fda7e86584c41efdeca8ce76b77bb04
  PoporGhost: 0eb7294dcc5c1721db0a203f3262a48ff48501c6
  ReactiveObjC: 011caa393aa0383245f2dcf9bf02e86b80b36040
  YYCache: 8105b6638f5e849296c71f331ff83891a4942952
  YYModel: 2a7fdd96aaa4b86a824e26d0c517de8928c04b30

PODFILE CHECKSUM: 87c60bd4222b095453dfebf98be488aa066b123f

COCOAPODS: 1.7.5
